
Microsoft Visual Studio Solution File, Format Version 12.00
# Visual Studio Version 17
VisualStudioVersion = 17.0.31903.59
MinimumVisualStudioVersion = 10.0.40219.1
Project("{FAE04EC0-301F-11D3-BF4B-00C04F79EFBC}") = "Day01", "Day01\Day01.csproj", "{4CB72E9E-612A-400F-8F7F-CE338E198666}"
EndProject
Project("{FAE04EC0-301F-11D3-BF4B-00C04F79EFBC}") = "Day02", "Day02\Day02.csproj", "{4AD704B0-27EE-4E42-97E2-66059A9F5975}"
EndProject
Project("{FAE04EC0-301F-11D3-BF4B-00C04F79EFBC}") = "Day03", "Day03\Day03.csproj", "{91992436-C603-4E9A-989D-A573D20D3D5A}"
EndProject
Project("{FAE04EC0-301F-11D3-BF4B-00C04F79EFBC}") = "Day04", "Day04\Day04.csproj", "{230ADFF2-C1F3-497A-A417-2DB3054DCFD9}"
EndProject
Project("{FAE04EC0-301F-11D3-BF4B-00C04F79EFBC}") = "Day05", "Day05\Day05.csproj", "{B05BEECA-413F-43E8-B491-BA982978B37B}"
EndProject
Project("{FAE04EC0-301F-11D3-BF4B-00C04F79EFBC}") = "Day06", "Day06\Day06.csproj", "{9CAA3FC2-ED47-46A1-9206-E197E7097D1E}"
EndProject
Project("{FAE04EC0-301F-11D3-BF4B-00C04F79EFBC}") = "Day07", "Day07\Day07.csproj", "{50C647E6-1301-490D-AFE8-14E7A74AEE34}"
EndProject
Project("{FAE04EC0-301F-11D3-BF4B-00C04F79EFBC}") = "Day08", "Day08\Day08.csproj", "{A3F20FB3-F5EA-4770-869F-1E095DC4BAFE}"
EndProject
Global
	GlobalSection(SolutionConfigurationPlatforms) = preSolution
		Debug|Any CPU = Debug|Any CPU
		Release|Any CPU = Release|Any CPU
	EndGlobalSection
	GlobalSection(SolutionProperties) = preSolution
		HideSolutionNode = FALSE
	EndGlobalSection
	GlobalSection(ProjectConfigurationPlatforms) = postSolution
		{4CB72E9E-612A-400F-8F7F-CE338E198666}.Debug|Any CPU.ActiveCfg = Debug|Any CPU
		{4CB72E9E-612A-400F-8F7F-CE338E198666}.Debug|Any CPU.Build.0 = Debug|Any CPU
		{4CB72E9E-612A-400F-8F7F-CE338E198666}.Release|Any CPU.ActiveCfg = Release|Any CPU
		{4CB72E9E-612A-400F-8F7F-CE338E198666}.Release|Any CPU.Build.0 = Release|Any CPU
		{4AD704B0-27EE-4E42-97E2-66059A9F5975}.Debug|Any CPU.ActiveCfg = Debug|Any CPU
		{4AD704B0-27EE-4E42-97E2-66059A9F5975}.Debug|Any CPU.Build.0 = Debug|Any CPU
		{4AD704B0-27EE-4E42-97E2-66059A9F5975}.Release|Any CPU.ActiveCfg = Release|Any CPU
		{4AD704B0-27EE-4E42-97E2-66059A9F5975}.Release|Any CPU.Build.0 = Release|Any CPU
		{91992436-C603-4E9A-989D-A573D20D3D5A}.Debug|Any CPU.ActiveCfg = Debug|Any CPU
		{91992436-C603-4E9A-989D-A573D20D3D5A}.Debug|Any CPU.Build.0 = Debug|Any CPU
		{91992436-C603-4E9A-989D-A573D20D3D5A}.Release|Any CPU.ActiveCfg = Release|Any CPU
		{91992436-C603-4E9A-989D-A573D20D3D5A}.Release|Any CPU.Build.0 = Release|Any CPU
		{230ADFF2-C1F3-497A-A417-2DB3054DCFD9}.Debug|Any CPU.ActiveCfg = Debug|Any CPU
		{230ADFF2-C1F3-497A-A417-2DB3054DCFD9}.Debug|Any CPU.Build.0 = Debug|Any CPU
		{230ADFF2-C1F3-497A-A417-2DB3054DCFD9}.Release|Any CPU.ActiveCfg = Release|Any CPU
		{230ADFF2-C1F3-497A-A417-2DB3054DCFD9}.Release|Any CPU.Build.0 = Release|Any CPU
		{B05BEECA-413F-43E8-B491-BA982978B37B}.Debug|Any CPU.ActiveCfg = Debug|Any CPU
		{B05BEECA-413F-43E8-B491-BA982978B37B}.Debug|Any CPU.Build.0 = Debug|Any CPU
		{B05BEECA-413F-43E8-B491-BA982978B37B}.Release|Any CPU.ActiveCfg = Release|Any CPU
		{B05BEECA-413F-43E8-B491-BA982978B37B}.Release|Any CPU.Build.0 = Release|Any CPU
		{9CAA3FC2-ED47-46A1-9206-E197E7097D1E}.Debug|Any CPU.ActiveCfg = Debug|Any CPU
		{9CAA3FC2-ED47-46A1-9206-E197E7097D1E}.Debug|Any CPU.Build.0 = Debug|Any CPU
		{9CAA3FC2-ED47-46A1-9206-E197E7097D1E}.Release|Any CPU.ActiveCfg = Release|Any CPU
		{9CAA3FC2-ED47-46A1-9206-E197E7097D1E}.Release|Any CPU.Build.0 = Release|Any CPU
		{50C647E6-1301-490D-AFE8-14E7A74AEE34}.Debug|Any CPU.ActiveCfg = Debug|Any CPU
		{50C647E6-1301-490D-AFE8-14E7A74AEE34}.Debug|Any CPU.Build.0 = Debug|Any CPU
		{50C647E6-1301-490D-AFE8-14E7A74AEE34}.Release|Any CPU.ActiveCfg = Release|Any CPU
		{50C647E6-1301-490D-AFE8-14E7A74AEE34}.Release|Any CPU.Build.0 = Release|Any CPU
		{A3F20FB3-F5EA-4770-869F-1E095DC4BAFE}.Debug|Any CPU.ActiveCfg = Debug|Any CPU
		{A3F20FB3-F5EA-4770-869F-1E095DC4BAFE}.Debug|Any CPU.Build.0 = Debug|Any CPU
		{A3F20FB3-F5EA-4770-869F-1E095DC4BAFE}.Release|Any CPU.ActiveCfg = Release|Any CPU
		{A3F20FB3-F5EA-4770-869F-1E095DC4BAFE}.Release|Any CPU.Build.0 = Release|Any CPU
	EndGlobalSection
EndGlobal
